
Microsoft Visual Studio Solution File, Format Version 12.00
# Visual Studio Version 17
VisualStudioVersion = 17.1.32328.378
MinimumVisualStudioVersion = 10.0.40219.1
Project("{9A19103F-16F7-4668-BE54-9A1E7A4F7556}") = "DevOpsShop.Web", "DevOpsShop.Web\DevOpsShop.Web.csproj", "{B370FFA5-82BD-43C4-BC1F-14D74B9ABC9E}"
EndProject
Project("{FAE04EC0-301F-11D3-BF4B-00C04F79EFBC}") = "DevOpsShop.Model", "DevOpsShop.Model\DevOpsShop.Model.csproj", "{EA005DB2-5C2C-483D-A410-DAFE0AEFD797}"
EndProject
Global
	GlobalSection(SolutionConfigurationPlatforms) = preSolution
		Debug|Any CPU = Debug|Any CPU
		Release|Any CPU = Release|Any CPU
	EndGlobalSection
	GlobalSection(ProjectConfigurationPlatforms) = postSolution
		{B370FFA5-82BD-43C4-BC1F-14D74B9ABC9E}.Debug|Any CPU.ActiveCfg = Debug|Any CPU
		{B370FFA5-82BD-43C4-BC1F-14D74B9ABC9E}.Debug|Any CPU.Build.0 = Debug|Any CPU
		{B370FFA5-82BD-43C4-BC1F-14D74B9ABC9E}.Release|Any CPU.ActiveCfg = Release|Any CPU
		{B370FFA5-82BD-43C4-BC1F-14D74B9ABC9E}.Release|Any CPU.Build.0 = Release|Any CPU
		{EA005DB2-5C2C-483D-A410-DAFE0AEFD797}.Debug|Any CPU.ActiveCfg = Debug|Any CPU
		{EA005DB2-5C2C-483D-A410-DAFE0AEFD797}.Debug|Any CPU.Build.0 = Debug|Any CPU
		{EA005DB2-5C2C-483D-A410-DAFE0AEFD797}.Release|Any CPU.ActiveCfg = Release|Any CPU
		{EA005DB2-5C2C-483D-A410-DAFE0AEFD797}.Release|Any CPU.Build.0 = Release|Any CPU
	EndGlobalSection
	GlobalSection(SolutionProperties) = preSolution
		HideSolutionNode = FALSE
	EndGlobalSection
	GlobalSection(ExtensibilityGlobals) = postSolution
		SolutionGuid = {3B0477CF-CE8F-4883-AFA0-CBDF9F5056C3}
	EndGlobalSection
EndGlobal
